
Microsoft Visual Studio Solution File, Format Version 12.00
# Visual Studio Version 16
VisualStudioVersion = 16.0.31005.135
MinimumVisualStudioVersion = 10.0.40219.1
Project("{FAE04EC0-301F-11D3-BF4B-00C04F79EFBC}") = "WebApplication1", "WebApplication1\WebApplication1.csproj", "{7D8B3C9D-B2D4-44A1-94B9-2ECA2A93B2B7}"
EndProject
Global
	GlobalSection(SolutionConfigurationPlatforms) = preSolution
		Debug|Any CPU = Debug|Any CPU
		Release|Any CPU = Release|Any CPU
	EndGlobalSection
	GlobalSection(ProjectConfigurationPlatforms) = postSolution
		{7D8B3C9D-B2D4-44A1-94B9-2ECA2A93B2B7}.Debug|Any CPU.ActiveCfg = Debug|Any CPU
		{7D8B3C9D-B2D4-44A1-94B9-2ECA2A93B2B7}.Debug|Any CPU.Build.0 = Debug|Any CPU
		{7D8B3C9D-B2D4-44A1-94B9-2ECA2A93B2B7}.Release|Any CPU.ActiveCfg = Release|Any CPU
		{7D8B3C9D-B2D4-44A1-94B9-2ECA2A93B2B7}.Release|Any CPU.Build.0 = Release|Any CPU
	EndGlobalSection
	GlobalSection(SolutionProperties) = preSolution
		HideSolutionNode = FALSE
	EndGlobalSection
	GlobalSection(ExtensibilityGlobals) = postSolution
		SolutionGuid = {AC7F9D60-C06B-4147-B368-05CBD290386B}
	EndGlobalSection
EndGlobal
